
Microsoft Visual Studio Solution File, Format Version 12.00
# Visual Studio Version 17
VisualStudioVersion = 17.10.35013.160
MinimumVisualStudioVersion = 10.0.40219.1
Project("{FAE04EC0-301F-11D3-BF4B-00C04F79EFBC}") = "picogk1", "picogk1.csproj", "{1405D7EB-25EA-4906-A7B2-70DCFCDD7438}"
EndProject
Global
	GlobalSection(SolutionConfigurationPlatforms) = preSolution
		Debug|Any CPU = Debug|Any CPU
		Release|Any CPU = Release|Any CPU
	EndGlobalSection
	GlobalSection(ProjectConfigurationPlatforms) = postSolution
		{1405D7EB-25EA-4906-A7B2-70DCFCDD7438}.Debug|Any CPU.ActiveCfg = Debug|Any CPU
		{1405D7EB-25EA-4906-A7B2-70DCFCDD7438}.Debug|Any CPU.Build.0 = Debug|Any CPU
		{1405D7EB-25EA-4906-A7B2-70DCFCDD7438}.Release|Any CPU.ActiveCfg = Release|Any CPU
		{1405D7EB-25EA-4906-A7B2-70DCFCDD7438}.Release|Any CPU.Build.0 = Release|Any CPU
	EndGlobalSection
	GlobalSection(SolutionProperties) = preSolution
		HideSolutionNode = FALSE
	EndGlobalSection
	GlobalSection(ExtensibilityGlobals) = postSolution
		SolutionGuid = {D8AFC24C-ACC7-4B7F-9E70-AEC365D53BD0}
	EndGlobalSection
EndGlobal
